# This file is autogenerated, do not edit; changes may be undone by the next 'dep ensure'.


[[projects]]
  digest = "1:80fe0369ce32868c8d98eb8877ca4b8ff700b3a5f1da8e4aed37ed9b742e6e60"
  name = "github.com/ShinyTrinkets/meta-logger"
  packages = ["."]
  pruneopts = "UT"
  revision = "a38cb78d6430a375a8c09f17a1ef4db48677df72"
  version = "v0.1.0"

[[projects]]
  digest = "1:f89c911f2c7c5306eee33eb166cf334759dfd20b50555bd462b797b4be147026"
  name = "github.com/azer/is-terminal"
  packages = ["."]
  pruneopts = "UT"
  revision = "d890a36967629a256d1488b735cd375e29439507"
  version = "v1.0.0"

[[projects]]
  digest = "1:c67dd8288c1cc315477dc27650290f5f2c843827f65216fa503564446cdbbb56"
  name = "github.com/azer/logger"
  packages = ["."]
  pruneopts = "UT"
  revision = "b2064509a05be7b89fecfe472d13843bcf3a8b3d"
  version = "v1.0.0"

[[projects]]
  digest = "1:ffe9824d294da03b391f44e1ae8281281b4afc1bdaa9588c9097785e3af10cec"
  name = "github.com/davecgh/go-spew"
  packages = ["spew"]
  pruneopts = "UT"
  revision = "8991bc29aa16c548c550c7ff78260e27b9ab7c73"
  version = "v1.1.1"

[[projects]]
  digest = "1:7f89e0c888fb99c61055c646f5678aae645b0b0a1443d9b2dcd9964d850827ce"
  name = "github.com/go-test/deep"
  packages = ["."]
  pruneopts = "UT"
  revision = "6592d9cc0a499ad2d5f574fde80a2b5c5cc3b4f5"
  version = "v1.0.1"

[[projects]]
  digest = "1:0028cb19b2e4c3112225cd871870f2d9cf49b9b4276531f03438a88e94be86fe"
  name = "github.com/pmezard/go-difflib"
  packages = ["difflib"]
  pruneopts = "UT"
  revision = "792786c7400a136282c1664665ae0a8db921c6c2"
  version = "v1.0.0"

[[projects]]
  digest = "1:18752d0b95816a1b777505a97f71c7467a8445b8ffb55631a7bf779f6ba4fa83"
  name = "github.com/stretchr/testify"
  packages = ["assert"]
  pruneopts = "UT"
  revision = "f35b8ab0b5a2cef36673838d662e249dd9c94686"
  version = "v1.2.2"

[[projects]]
  digest = "1:3a032c4268aba426270adbad9ee6ee94a0746a68b115a0ee1215e76902147f8b"
  name = "gopkg.in/vrecan/death.v3"
  packages = ["."]
  pruneopts = "UT"
  revision = "7fa56d7ee55015b80776003b8ca6566b8e4e005e"
  version = "v3.0.1"

[solve-meta]
  analyzer-name = "dep"
  analyzer-version = 1
  input-imports = [
    "github.com/ShinyTrinkets/meta-logger",
    "github.com/azer/logger",
    "github.com/go-test/deep",
    "github.com/stretchr/testify/assert",
    "gopkg.in/vrecan/death.v3",
  ]
  solver-name = "gps-cdcl"
  solver-version = 1
